
Microsoft Visual Studio Solution File, Format Version 12.00
# Visual Studio Version 16
VisualStudioVersion = 16.0.28803.916
MinimumVisualStudioVersion = 10.0.40219.1
Project("{FAE04EC0-301F-11D3-BF4B-00C04F79EFBC}") = "Placos", "Placos\Placos.csproj", "{B0E543A4-3E9C-40AE-8038-5C298A52707A}"
EndProject
Global
	GlobalSection(SolutionConfigurationPlatforms) = preSolution
		Debug|Any CPU = Debug|Any CPU
		Release|Any CPU = Release|Any CPU
	EndGlobalSection
	GlobalSection(ProjectConfigurationPlatforms) = postSolution
		{B0E543A4-3E9C-40AE-8038-5C298A52707A}.Debug|Any CPU.ActiveCfg = Debug|Any CPU
		{B0E543A4-3E9C-40AE-8038-5C298A52707A}.Debug|Any CPU.Build.0 = Debug|Any CPU
		{B0E543A4-3E9C-40AE-8038-5C298A52707A}.Release|Any CPU.ActiveCfg = Release|Any CPU
		{B0E543A4-3E9C-40AE-8038-5C298A52707A}.Release|Any CPU.Build.0 = Release|Any CPU
	EndGlobalSection
	GlobalSection(SolutionProperties) = preSolution
		HideSolutionNode = FALSE
	EndGlobalSection
	GlobalSection(ExtensibilityGlobals) = postSolution
		SolutionGuid = {4BCCEC83-F66C-472F-865D-8DB5E94671FF}
	EndGlobalSection
EndGlobal
